
Microsoft Visual Studio Solution File, Format Version 12.00
# Visual Studio Version 17
VisualStudioVersion = 17.9.34714.143
MinimumVisualStudioVersion = 10.0.40219.1
Project("{FAE04EC0-301F-11D3-BF4B-00C04F79EFBC}") = "WindowsFormsApp220424", "WindowsFormsApp220424\WindowsFormsApp220424.csproj", "{45046714-A3E9-4216-9836-90A171A3F0C6}"
EndProject
Global
	GlobalSection(SolutionConfigurationPlatforms) = preSolution
		Debug|Any CPU = Debug|Any CPU
		Release|Any CPU = Release|Any CPU
	EndGlobalSection
	GlobalSection(ProjectConfigurationPlatforms) = postSolution
		{45046714-A3E9-4216-9836-90A171A3F0C6}.Debug|Any CPU.ActiveCfg = Debug|Any CPU
		{45046714-A3E9-4216-9836-90A171A3F0C6}.Debug|Any CPU.Build.0 = Debug|Any CPU
		{45046714-A3E9-4216-9836-90A171A3F0C6}.Release|Any CPU.ActiveCfg = Release|Any CPU
		{45046714-A3E9-4216-9836-90A171A3F0C6}.Release|Any CPU.Build.0 = Release|Any CPU
	EndGlobalSection
	GlobalSection(SolutionProperties) = preSolution
		HideSolutionNode = FALSE
	EndGlobalSection
	GlobalSection(ExtensibilityGlobals) = postSolution
		SolutionGuid = {88E5517B-AAC4-46B3-B2CB-A1064312F11A}
	EndGlobalSection
EndGlobal
